
Microsoft Visual Studio Solution File, Format Version 12.00
# Visual Studio Version 16
VisualStudioVersion = 16.0.31005.135
MinimumVisualStudioVersion = 10.0.40219.1
Project("{FAE04EC0-301F-11D3-BF4B-00C04F79EFBC}") = "HarborFinalVersion", "HarborFinalVersion\HarborFinalVersion.csproj", "{A63E335E-5383-4728-901E-D84AE1BC40B1}"
EndProject
Global
	GlobalSection(SolutionConfigurationPlatforms) = preSolution
		Debug|Any CPU = Debug|Any CPU
		Release|Any CPU = Release|Any CPU
	EndGlobalSection
	GlobalSection(ProjectConfigurationPlatforms) = postSolution
		{A63E335E-5383-4728-901E-D84AE1BC40B1}.Debug|Any CPU.ActiveCfg = Debug|Any CPU
		{A63E335E-5383-4728-901E-D84AE1BC40B1}.Debug|Any CPU.Build.0 = Debug|Any CPU
		{A63E335E-5383-4728-901E-D84AE1BC40B1}.Release|Any CPU.ActiveCfg = Release|Any CPU
		{A63E335E-5383-4728-901E-D84AE1BC40B1}.Release|Any CPU.Build.0 = Release|Any CPU
	EndGlobalSection
	GlobalSection(SolutionProperties) = preSolution
		HideSolutionNode = FALSE
	EndGlobalSection
	GlobalSection(ExtensibilityGlobals) = postSolution
		SolutionGuid = {0953FE8F-9852-41AF-B6DA-9F836ADA3B56}
	EndGlobalSection
EndGlobal
